
Microsoft Visual Studio Solution File, Format Version 12.00
# Visual Studio Version 16
VisualStudioVersion = 16.0.29306.81
MinimumVisualStudioVersion = 10.0.40219.1
Project("{FAE04EC0-301F-11D3-BF4B-00C04F79EFBC}") = "LoginModule", "LoginModule\LoginModule.csproj", "{94FCA70C-376C-4DCF-9AEA-3C3FCAE5A96D}"
EndProject
Project("{FAE04EC0-301F-11D3-BF4B-00C04F79EFBC}") = "Content Management System", "Content Management System.\Content Management System.csproj", "{FFCC3AA9-6C27-4E74-B8A4-4A3E531313F4}"
EndProject
Project("{FAE04EC0-301F-11D3-BF4B-00C04F79EFBC}") = "ScheduleAdPosting", "ScheduleAdPosting\ScheduleAdPosting.csproj", "{C50DE7B8-417B-4457-8915-ED9DF40B58F7}"
EndProject
Project("{FAE04EC0-301F-11D3-BF4B-00C04F79EFBC}") = "RESTApiAdapter", "RESTApiAdapter\RESTApiAdapter.csproj", "{21C9B42F-6ED7-482E-881C-9FF80973B219}"
EndProject
Project("{FAE04EC0-301F-11D3-BF4B-00C04F79EFBC}") = "ClientCharges", "ClientCharges\ClientCharges.csproj", "{F8C7201E-C561-41EE-9772-E411304D586A}"
EndProject
Global
	GlobalSection(SolutionConfigurationPlatforms) = preSolution
		Debug|Any CPU = Debug|Any CPU
		Release|Any CPU = Release|Any CPU
	EndGlobalSection
	GlobalSection(ProjectConfigurationPlatforms) = postSolution
		{94FCA70C-376C-4DCF-9AEA-3C3FCAE5A96D}.Debug|Any CPU.ActiveCfg = Debug|Any CPU
		{94FCA70C-376C-4DCF-9AEA-3C3FCAE5A96D}.Debug|Any CPU.Build.0 = Debug|Any CPU
		{94FCA70C-376C-4DCF-9AEA-3C3FCAE5A96D}.Release|Any CPU.ActiveCfg = Release|Any CPU
		{94FCA70C-376C-4DCF-9AEA-3C3FCAE5A96D}.Release|Any CPU.Build.0 = Release|Any CPU
		{FFCC3AA9-6C27-4E74-B8A4-4A3E531313F4}.Debug|Any CPU.ActiveCfg = Debug|Any CPU
		{FFCC3AA9-6C27-4E74-B8A4-4A3E531313F4}.Debug|Any CPU.Build.0 = Debug|Any CPU
		{FFCC3AA9-6C27-4E74-B8A4-4A3E531313F4}.Release|Any CPU.ActiveCfg = Release|Any CPU
		{FFCC3AA9-6C27-4E74-B8A4-4A3E531313F4}.Release|Any CPU.Build.0 = Release|Any CPU
		{C50DE7B8-417B-4457-8915-ED9DF40B58F7}.Debug|Any CPU.ActiveCfg = Debug|Any CPU
		{C50DE7B8-417B-4457-8915-ED9DF40B58F7}.Debug|Any CPU.Build.0 = Debug|Any CPU
		{C50DE7B8-417B-4457-8915-ED9DF40B58F7}.Release|Any CPU.ActiveCfg = Release|Any CPU
		{C50DE7B8-417B-4457-8915-ED9DF40B58F7}.Release|Any CPU.Build.0 = Release|Any CPU
		{21C9B42F-6ED7-482E-881C-9FF80973B219}.Debug|Any CPU.ActiveCfg = Debug|Any CPU
		{21C9B42F-6ED7-482E-881C-9FF80973B219}.Debug|Any CPU.Build.0 = Debug|Any CPU
		{21C9B42F-6ED7-482E-881C-9FF80973B219}.Release|Any CPU.ActiveCfg = Release|Any CPU
		{21C9B42F-6ED7-482E-881C-9FF80973B219}.Release|Any CPU.Build.0 = Release|Any CPU
		{F8C7201E-C561-41EE-9772-E411304D586A}.Debug|Any CPU.ActiveCfg = Debug|Any CPU
		{F8C7201E-C561-41EE-9772-E411304D586A}.Debug|Any CPU.Build.0 = Debug|Any CPU
		{F8C7201E-C561-41EE-9772-E411304D586A}.Release|Any CPU.ActiveCfg = Release|Any CPU
		{F8C7201E-C561-41EE-9772-E411304D586A}.Release|Any CPU.Build.0 = Release|Any CPU
	EndGlobalSection
	GlobalSection(SolutionProperties) = preSolution
		HideSolutionNode = FALSE
	EndGlobalSection
	GlobalSection(ExtensibilityGlobals) = postSolution
		SolutionGuid = {083AEF32-D052-4873-9F4A-AF803C006E68}
	EndGlobalSection
EndGlobal
